{
  "name": "ajs2",
  "version": "1.0.0",
  "lockfileVersion": 3,
  "requires": true,
  "packages": {
    "": {
      "name": "ajs2",
      "version": "1.0.0",
      "license": "ISC",
      "dependencies": {
        "@semen2298/ajs": "^1.0.0"
      }
    },
    "node_modules/@semen2298/ajs": {
      "version": "1.0.0",
      "resolved": "https://npm.pkg.github.com/download/@semen2298/ajs/1.0.0/335ea273010c4cd89af9b4d0e0e49e20a3050689",
      "integrity": "sha512-5vpX9/UcOIygxHGBav0t+r5aaRsCsTikI/Ri2oMVEMiusG6EwTsidrcsmLVvtz2gdzkwJSzJdILUo2kejG8wTg==",
      "license": "ISC"
    }
  }
}
